// !$*UTF8*$!
{
	archiveVersion = 1;
	classes = {
	};
	objectVersion = 51;
	objects = {

/* Begin PBXBuildFile section */
		A71BAE682730B4C20064CE25 /* CharacterDetailsController.swift in Sources */ = {isa = PBXBuildFile; fileRef = A71BAE672730B4C20064CE25 /* CharacterDetailsController.swift */; };
		A71BAE6C2730C7F00064CE25 /* CharacterItemCell.swift in Sources */ = {isa = PBXBuildFile; fileRef = A71BAE6A2730C7F00064CE25 /* CharacterItemCell.swift */; };
		A7226A27272CED1300B84FE7 /* CharacterViewCell.swift in Sources */ = {isa = PBXBuildFile; fileRef = A7226A25272CED1300B84FE7 /* CharacterViewCell.swift */; };
		A7226A2C272CEF8800B84FE7 /* DataModel.swift in Sources */ = {isa = PBXBuildFile; fileRef = A7226A2B272CEF8800B84FE7 /* DataModel.swift */; };
		A7354590273407F100EAE5B8 /* CharacterViewCell.xib in Resources */ = {isa = PBXBuildFile; fileRef = A735458F273407F100EAE5B8 /* CharacterViewCell.xib */; };
		A747252727376BD6000DCC81 /* Localizable.strings in Resources */ = {isa = PBXBuildFile; fileRef = A747252927376BD6000DCC81 /* Localizable.strings */; };
		A7898BCF2731C401005BDAC0 /* SearchResultCell.swift in Sources */ = {isa = PBXBuildFile; fileRef = A7898BCD2731C401005BDAC0 /* SearchResultCell.swift */; };
		A7898BD02731C401005BDAC0 /* SearchResultCell.xib in Resources */ = {isa = PBXBuildFile; fileRef = A7898BCE2731C401005BDAC0 /* SearchResultCell.xib */; };
		A7898BD32731D2B1005BDAC0 /* SearchController.swift in Sources */ = {isa = PBXBuildFile; fileRef = A7898BD22731D2B1005BDAC0 /* SearchController.swift */; };
		A7B6270827385B3800A1F5A4 /* Header.swift in Sources */ = {isa = PBXBuildFile; fileRef = A7B6270627385B3800A1F5A4 /* Header.swift */; };
		A7B6270927385B3800A1F5A4 /* Header.xib in Resources */ = {isa = PBXBuildFile; fileRef = A7B6270727385B3800A1F5A4 /* Header.xib */; };
		A7D457D85673418CE1AF5EB1 /* Pods_Marvel_Hub.framework in Frameworks */ = {isa = PBXBuildFile; fileRef = A07DF112928BBCB0C9A2E383 /* Pods_Marvel_Hub.framework */; };
		A7F63C54272ABB18007A4B03 /* AppDelegate.swift in Sources */ = {isa = PBXBuildFile; fileRef = A7F63C53272ABB18007A4B03 /* AppDelegate.swift */; };
		A7F63C56272ABB18007A4B03 /* SceneDelegate.swift in Sources */ = {isa = PBXBuildFile; fileRef = A7F63C55272ABB18007A4B03 /* SceneDelegate.swift */; };
		A7F63C58272ABB18007A4B03 /* AllCharactersController.swift in Sources */ = {isa = PBXBuildFile; fileRef = A7F63C57272ABB18007A4B03 /* AllCharactersController.swift */; };
		A7F63C5B272ABB18007A4B03 /* Main.storyboard in Resources */ = {isa = PBXBuildFile; fileRef = A7F63C59272ABB18007A4B03 /* Main.storyboard */; };
		A7F63C5D272ABB1F007A4B03 /* Assets.xcassets in Resources */ = {isa = PBXBuildFile; fileRef = A7F63C5C272ABB1F007A4B03 /* Assets.xcassets */; };
		A7F63C60272ABB1F007A4B03 /* LaunchScreen.storyboard in Resources */ = {isa = PBXBuildFile; fileRef = A7F63C5E272ABB1F007A4B03 /* LaunchScreen.storyboard */; };
/* End PBXBuildFile section */

/* Begin PBXFileReference section */
		A07DF112928BBCB0C9A2E383 /* Pods_Marvel_Hub.framework */ = {isa = PBXFileReference; explicitFileType = wrapper.framework; includeInIndex = 0; path = Pods_Marvel_Hub.framework; sourceTree = BUILT_PRODUCTS_DIR; };
		A71BAE672730B4C20064CE25 /* CharacterDetailsController.swift */ = {isa = PBXFileReference; lastKnownFileType = sourcecode.swift; path = CharacterDetailsController.swift; sourceTree = "<group>"; };
		A71BAE6A2730C7F00064CE25 /* CharacterItemCell.swift */ = {isa = PBXFileReference; indentWidth = 5; lastKnownFileType = sourcecode.swift; path = CharacterItemCell.swift; sourceTree = "<group>"; };
		A7226A25272CED1300B84FE7 /* CharacterViewCell.swift */ = {isa = PBXFileReference; lastKnownFileType = sourcecode.swift; path = CharacterViewCell.swift; sourceTree = "<group>"; };
		A7226A2B272CEF8800B84FE7 /* DataModel.swift */ = {isa = PBXFileReference; fileEncoding = 4; lastKnownFileType = sourcecode.swift; path = DataModel.swift; sourceTree = "<group>"; };
		A735458F273407F100EAE5B8 /* CharacterViewCell.xib */ = {isa = PBXFileReference; fileEncoding = 4; lastKnownFileType = file.xib; path = CharacterViewCell.xib; sourceTree = "<group>"; };
		A747252827376BD6000DCC81 /* en */ = {isa = PBXFileReference; lastKnownFileType = text.plist.strings; name = en; path = en.lproj/Localizable.strings; sourceTree = "<group>"; };
		A747252F27376C39000DCC81 /* ar */ = {isa = PBXFileReference; lastKnownFileType = text.plist.strings; name = ar; path = ar.lproj/Localizable.strings; sourceTree = "<group>"; };
		A7898BCD2731C401005BDAC0 /* SearchResultCell.swift */ = {isa = PBXFileReference; lastKnownFileType = sourcecode.swift; path = SearchResultCell.swift; sourceTree = "<group>"; };
		A7898BCE2731C401005BDAC0 /* SearchResultCell.xib */ = {isa = PBXFileReference; lastKnownFileType = file.xib; path = SearchResultCell.xib; sourceTree = "<group>"; };
		A7898BD22731D2B1005BDAC0 /* SearchController.swift */ = {isa = PBXFileReference; lastKnownFileType = sourcecode.swift; path = SearchController.swift; sourceTree = "<group>"; };
		A7B6270627385B3800A1F5A4 /* Header.swift */ = {isa = PBXFileReference; lastKnownFileType = sourcecode.swift; path = Header.swift; sourceTree = "<group>"; };
		A7B6270727385B3800A1F5A4 /* Header.xib */ = {isa = PBXFileReference; lastKnownFileType = file.xib; path = Header.xib; sourceTree = "<group>"; };
		A7F63C50272ABB18007A4B03 /* Marvel Hub.app */ = {isa = PBXFileReference; explicitFileType = wrapper.application; includeInIndex = 0; path = "Marvel Hub.app"; sourceTree = BUILT_PRODUCTS_DIR; };
		A7F63C53272ABB18007A4B03 /* AppDelegate.swift */ = {isa = PBXFileReference; lastKnownFileType = sourcecode.swift; path = AppDelegate.swift; sourceTree = "<group>"; };
		A7F63C55272ABB18007A4B03 /* SceneDelegate.swift */ = {isa = PBXFileReference; lastKnownFileType = sourcecode.swift; path = SceneDelegate.swift; sourceTree = "<group>"; };
		A7F63C57272ABB18007A4B03 /* AllCharactersController.swift */ = {isa = PBXFileReference; lastKnownFileType = sourcecode.swift; path = AllCharactersController.swift; sourceTree = "<group>"; };
		A7F63C5A272ABB18007A4B03 /* Base */ = {isa = PBXFileReference; lastKnownFileType = file.storyboard; name = Base; path = Base.lproj/Main.storyboard; sourceTree = "<group>"; };
		A7F63C5C272ABB1F007A4B03 /* Assets.xcassets */ = {isa = PBXFileReference; lastKnownFileType = folder.assetcatalog; path = Assets.xcassets; sourceTree = "<group>"; };
		A7F63C5F272ABB1F007A4B03 /* Base */ = {isa = PBXFileReference; lastKnownFileType = file.storyboard; name = Base; path = Base.lproj/LaunchScreen.storyboard; sourceTree = "<group>"; };
		A7F63C61272ABB20007A4B03 /* Info.plist */ = {isa = PBXFileReference; lastKnownFileType = text.plist.xml; path = Info.plist; sourceTree = "<group>"; };
		D895C195D7337A6BFF13C9F3 /* Pods-Marvel Hub.release.xcconfig */ = {isa = PBXFileReference; includeInIndex = 1; lastKnownFileType = text.xcconfig; name = "Pods-Marvel Hub.release.xcconfig"; path = "Target Support Files/Pods-Marvel Hub/Pods-Marvel Hub.release.xcconfig"; sourceTree = "<group>"; };
		FD8C319310DF6D678B7C863D /* Pods-Marvel Hub.debug.xcconfig */ = {isa = PBXFileReference; includeInIndex = 1; lastKnownFileType = text.xcconfig; name = "Pods-Marvel Hub.debug.xcconfig"; path = "Target Support Files/Pods-Marvel Hub/Pods-Marvel Hub.debug.xcconfig"; sourceTree = "<group>"; };
/* End PBXFileReference section */

/* Begin PBXFrameworksBuildPhase section */
		A7F63C4D272ABB18007A4B03 /* Frameworks */ = {
			isa = PBXFrameworksBuildPhase;
			buildActionMask = 2147483647;
			files = (
				A7D457D85673418CE1AF5EB1 /* Pods_Marvel_Hub.framework in Frameworks */,
			);
			runOnlyForDeploymentPostprocessing = 0;
		};
/* End PBXFrameworksBuildPhase section */

/* Begin PBXGroup section */
		6E119A76E32D5C6DD6126E1B /* Frameworks */ = {
			isa = PBXGroup;
			children = (
				A07DF112928BBCB0C9A2E383 /* Pods_Marvel_Hub.framework */,
			);
			name = Frameworks;
			sourceTree = "<group>";
		};
		A7898BD62731D35B005BDAC0 /* View Controller */ = {
			isa = PBXGroup;
			children = (
				A7F63C57272ABB18007A4B03 /* AllCharactersController.swift */,
				A7898BD22731D2B1005BDAC0 /* SearchController.swift */,
				A71BAE672730B4C20064CE25 /* CharacterDetailsController.swift */,
			);
			path = "View Controller";
			sourceTree = "<group>";
		};
		A7898BD82731D371005BDAC0 /* Model */ = {
			isa = PBXGroup;
			children = (
				A7226A2B272CEF8800B84FE7 /* DataModel.swift */,
			);
			path = Model;
			sourceTree = "<group>";
		};
		A7898BDA2731D37E005BDAC0 /* Custom Views */ = {
			isa = PBXGroup;
			children = (
				A7B6270B27385F5B00A1F5A4 /* TableView Cells */,
				A7B6270C27385F6D00A1F5A4 /* CollectionView Cells */,
			);
			path = "Custom Views";
			sourceTree = "<group>";
		};
		A7B6270B27385F5B00A1F5A4 /* TableView Cells */ = {
			isa = PBXGroup;
			children = (
				A7898BCD2731C401005BDAC0 /* SearchResultCell.swift */,
				A7898BCE2731C401005BDAC0 /* SearchResultCell.xib */,
				A7226A25272CED1300B84FE7 /* CharacterViewCell.swift */,
				A735458F273407F100EAE5B8 /* CharacterViewCell.xib */,
			);
			path = "TableView Cells";
			sourceTree = "<group>";
		};
		A7B6270C27385F6D00A1F5A4 /* CollectionView Cells */ = {
			isa = PBXGroup;
			children = (
				A71BAE6A2730C7F00064CE25 /* CharacterItemCell.swift */,
				A7B6270627385B3800A1F5A4 /* Header.swift */,
				A7B6270727385B3800A1F5A4 /* Header.xib */,
			);
			path = "CollectionView Cells";
			sourceTree = "<group>";
		};
		A7F63C47272ABB18007A4B03 = {
			isa = PBXGroup;
			children = (
				A7F63C52272ABB18007A4B03 /* Marvel Hub */,
				A7F63C51272ABB18007A4B03 /* Products */,
				E100A89DDD2737F5EBA2B9C6 /* Pods */,
				6E119A76E32D5C6DD6126E1B /* Frameworks */,
			);
			sourceTree = "<group>";
		};
		A7F63C51272ABB18007A4B03 /* Products */ = {
			isa = PBXGroup;
			children = (
				A7F63C50272ABB18007A4B03 /* Marvel Hub.app */,
			);
			name = Products;
			sourceTree = "<group>";
		};
		A7F63C52272ABB18007A4B03 /* Marvel Hub */ = {
			isa = PBXGroup;
			children = (
				A7F63C53272ABB18007A4B03 /* AppDelegate.swift */,
				A7F63C55272ABB18007A4B03 /* SceneDelegate.swift */,
				A7898BD62731D35B005BDAC0 /* View Controller */,
				A7898BD82731D371005BDAC0 /* Model */,
				A7898BDA2731D37E005BDAC0 /* Custom Views */,
				A7F63C59272ABB18007A4B03 /* Main.storyboard */,
				A7F63C5C272ABB1F007A4B03 /* Assets.xcassets */,
				A7F63C5E272ABB1F007A4B03 /* LaunchScreen.storyboard */,
				A7F63C61272ABB20007A4B03 /* Info.plist */,
				A747252927376BD6000DCC81 /* Localizable.strings */,
			);
			path = "Marvel Hub";
			sourceTree = "<group>";
		};
		E100A89DDD2737F5EBA2B9C6 /* Pods */ = {
			isa = PBXGroup;
			children = (
				FD8C319310DF6D678B7C863D /* Pods-Marvel Hub.debug.xcconfig */,
				D895C195D7337A6BFF13C9F3 /* Pods-Marvel Hub.release.xcconfig */,
			);
			path = Pods;
			sourceTree = "<group>";
		};
/* End PBXGroup section */

/* Begin PBXNativeTarget section */
		A7F63C4F272ABB18007A4B03 /* Marvel Hub */ = {
			isa = PBXNativeTarget;
			buildConfigurationList = A7F63C64272ABB20007A4B03 /* Build configuration list for PBXNativeTarget "Marvel Hub" */;
			buildPhases = (
				CB57126E6D50ABA0DE45D14F /* [CP] Check Pods Manifest.lock */,
				A7F63C4C272ABB18007A4B03 /* Sources */,
				A7F63C4D272ABB18007A4B03 /* Frameworks */,
				A7F63C4E272ABB18007A4B03 /* Resources */,
				0224B3C7D19163EDEFD68455 /* [CP] Embed Pods Frameworks */,
			);
			buildRules = (
			);
			dependencies = (
			);
			name = "Marvel Hub";
			productName = "Marvel Hub";
			productReference = A7F63C50272ABB18007A4B03 /* Marvel Hub.app */;
			productType = "com.apple.product-type.application";
		};
/* End PBXNativeTarget section */

/* Begin PBXProject section */
		A7F63C48272ABB18007A4B03 /* Project object */ = {
			isa = PBXProject;
			attributes = {
				LastSwiftUpdateCheck = 1230;
				LastUpgradeCheck = 1230;
				TargetAttributes = {
					A7F63C4F272ABB18007A4B03 = {
						CreatedOnToolsVersion = 12.3;
					};
				};
			};
			buildConfigurationList = A7F63C4B272ABB18007A4B03 /* Build configuration list for PBXProject "Marvel Hub" */;
			compatibilityVersion = "Xcode 9.3";
			developmentRegion = en;
			hasScannedForEncodings = 0;
			knownRegions = (
				en,
				Base,
				ar,
			);
			mainGroup = A7F63C47272ABB18007A4B03;
			productRefGroup = A7F63C51272ABB18007A4B03 /* Products */;
			projectDirPath = "";
			projectRoot = "";
			targets = (
				A7F63C4F272ABB18007A4B03 /* Marvel Hub */,
			);
		};
/* End PBXProject section */

/* Begin PBXResourcesBuildPhase section */
		A7F63C4E272ABB18007A4B03 /* Resources */ = {
			isa = PBXResourcesBuildPhase;
			buildActionMask = 2147483647;
			files = (
				A7F63C60272ABB1F007A4B03 /* LaunchScreen.storyboard in Resources */,
				A747252727376BD6000DCC81 /* Localizable.strings in Resources */,
				A7F63C5D272ABB1F007A4B03 /* Assets.xcassets in Resources */,
				A7354590273407F100EAE5B8 /* CharacterViewCell.xib in Resources */,
				A7B6270927385B3800A1F5A4 /* Header.xib in Resources */,
				A7898BD02731C401005BDAC0 /* SearchResultCell.xib in Resources */,
				A7F63C5B272ABB18007A4B03 /* Main.storyboard in Resources */,
			);
			runOnlyForDeploymentPostprocessing = 0;
		};
/* End PBXResourcesBuildPhase section */

/* Begin PBXShellScriptBuildPhase section */
		0224B3C7D19163EDEFD68455 /* [CP] Embed Pods Frameworks */ = {
			isa = PBXShellScriptBuildPhase;
			buildActionMask = 2147483647;
			files = (
			);
			inputFileListPaths = (
				"${PODS_ROOT}/Target Support Files/Pods-Marvel Hub/Pods-Marvel Hub-frameworks-${CONFIGURATION}-input-files.xcfilelist",
			);
			name = "[CP] Embed Pods Frameworks";
			outputFileListPaths = (
				"${PODS_ROOT}/Target Support Files/Pods-Marvel Hub/Pods-Marvel Hub-frameworks-${CONFIGURATION}-output-files.xcfilelist",
			);
			runOnlyForDeploymentPostprocessing = 0;
			shellPath = /bin/sh;
			shellScript = "\"${PODS_ROOT}/Target Support Files/Pods-Marvel Hub/Pods-Marvel Hub-frameworks.sh\"\n";
			showEnvVarsInLog = 0;
		};
		CB57126E6D50ABA0DE45D14F /* [CP] Check Pods Manifest.lock */ = {
			isa = PBXShellScriptBuildPhase;
			buildActionMask = 2147483647;
			files = (
			);
			inputFileListPaths = (
			);
			inputPaths = (
				"${PODS_PODFILE_DIR_PATH}/Podfile.lock",
				"${PODS_ROOT}/Manifest.lock",
			);
			name = "[CP] Check Pods Manifest.lock";
			outputFileListPaths = (
			);
			outputPaths = (
				"$(DERIVED_FILE_DIR)/Pods-Marvel Hub-checkManifestLockResult.txt",
			);
			runOnlyForDeploymentPostprocessing = 0;
			shellPath = /bin/sh;
			shellScript = "diff \"${PODS_PODFILE_DIR_PATH}/Podfile.lock\" \"${PODS_ROOT}/Manifest.lock\" > /dev/null\nif [ $? != 0 ] ; then\n    # print error to STDERR\n    echo \"error: The sandbox is not in sync with the Podfile.lock. Run 'pod install' or update your CocoaPods installation.\" >&2\n    exit 1\nfi\n# This output is used by Xcode 'outputs' to avoid re-running this script phase.\necho \"SUCCESS\" > \"${SCRIPT_OUTPUT_FILE_0}\"\n";
			showEnvVarsInLog = 0;
		};
/* End PBXShellScriptBuildPhase section */

/* Begin PBXSourcesBuildPhase section */
		A7F63C4C272ABB18007A4B03 /* Sources */ = {
			isa = PBXSourcesBuildPhase;
			buildActionMask = 2147483647;
			files = (
				A7B6270827385B3800A1F5A4 /* Header.swift in Sources */,
				A7226A2C272CEF8800B84FE7 /* DataModel.swift in Sources */,
				A7F63C58272ABB18007A4B03 /* AllCharactersController.swift in Sources */,
				A7F63C54272ABB18007A4B03 /* AppDelegate.swift in Sources */,
				A7F63C56272ABB18007A4B03 /* SceneDelegate.swift in Sources */,
				A71BAE6C2730C7F00064CE25 /* CharacterItemCell.swift in Sources */,
				A71BAE682730B4C20064CE25 /* CharacterDetailsController.swift in Sources */,
				A7898BCF2731C401005BDAC0 /* SearchResultCell.swift in Sources */,
				A7898BD32731D2B1005BDAC0 /* SearchController.swift in Sources */,
				A7226A27272CED1300B84FE7 /* CharacterViewCell.swift in Sources */,
			);
			runOnlyForDeploymentPostprocessing = 0;
		};
/* End PBXSourcesBuildPhase section */

/* Begin PBXVariantGroup section */
		A747252927376BD6000DCC81 /* Localizable.strings */ = {
			isa = PBXVariantGroup;
			children = (
				A747252827376BD6000DCC81 /* en */,
				A747252F27376C39000DCC81 /* ar */,
			);
			name = Localizable.strings;
			sourceTree = "<group>";
		};
		A7F63C59272ABB18007A4B03 /* Main.storyboard */ = {
			isa = PBXVariantGroup;
			children = (
				A7F63C5A272ABB18007A4B03 /* Base */,
			);
			name = Main.storyboard;
			sourceTree = "<group>";
		};
		A7F63C5E272ABB1F007A4B03 /* LaunchScreen.storyboard */ = {
			isa = PBXVariantGroup;
			children = (
				A7F63C5F272ABB1F007A4B03 /* Base */,
			);
			name = LaunchScreen.storyboard;
			sourceTree = "<group>";
		};
/* End PBXVariantGroup section */

/* Begin XCBuildConfiguration section */
		A7F63C62272ABB20007A4B03 /* Debug */ = {
			isa = XCBuildConfiguration;
			buildSettings = {
				ALWAYS_SEARCH_USER_PATHS = NO;
				CLANG_ANALYZER_LOCALIZABILITY_NONLOCALIZED = YES;
				CLANG_ANALYZER_NONNULL = YES;
				CLANG_ANALYZER_NUMBER_OBJECT_CONVERSION = YES_AGGRESSIVE;
				CLANG_CXX_LANGUAGE_STANDARD = "gnu++14";
				CLANG_CXX_LIBRARY = "libc++";
				CLANG_ENABLE_MODULES = YES;
				CLANG_ENABLE_OBJC_ARC = YES;
				CLANG_ENABLE_OBJC_WEAK = YES;
				CLANG_WARN_BLOCK_CAPTURE_AUTORELEASING = YES;
				CLANG_WARN_BOOL_CONVERSION = YES;
				CLANG_WARN_COMMA = YES;
				CLANG_WARN_CONSTANT_CONVERSION = YES;
				CLANG_WARN_DEPRECATED_OBJC_IMPLEMENTATIONS = YES;
				CLANG_WARN_DIRECT_OBJC_ISA_USAGE = YES_ERROR;
				CLANG_WARN_DOCUMENTATION_COMMENTS = YES;
				CLANG_WARN_EMPTY_BODY = YES;
				CLANG_WARN_ENUM_CONVERSION = YES;
				CLANG_WARN_INFINITE_RECURSION = YES;
				CLANG_WARN_INT_CONVERSION = YES;
				CLANG_WARN_NON_LITERAL_NULL_CONVERSION = YES;
				CLANG_WARN_OBJC_IMPLICIT_RETAIN_SELF = YES;
				CLANG_WARN_OBJC_LITERAL_CONVERSION = YES;
				CLANG_WARN_OBJC_ROOT_CLASS = YES_ERROR;
				CLANG_WARN_QUOTED_INCLUDE_IN_FRAMEWORK_HEADER = YES;
				CLANG_WARN_RANGE_LOOP_ANALYSIS = YES;
				CLANG_WARN_STRICT_PROTOTYPES = YES;
				CLANG_WARN_SUSPICIOUS_MOVE = YES;
				CLANG_WARN_UNGUARDED_AVAILABILITY = YES_AGGRESSIVE;
				CLANG_WARN_UNREACHABLE_CODE = YES;
				CLANG_WARN__DUPLICATE_METHOD_MATCH = YES;
				COPY_PHASE_STRIP = NO;
				DEBUG_INFORMATION_FORMAT = dwarf;
				ENABLE_STRICT_OBJC_MSGSEND = YES;
				ENABLE_TESTABILITY = YES;
				GCC_C_LANGUAGE_STANDARD = gnu11;
				GCC_DYNAMIC_NO_PIC = NO;
				GCC_NO_COMMON_BLOCKS = YES;
				GCC_OPTIMIZATION_LEVEL = 0;
				GCC_PREPROCESSOR_DEFINITIONS = (
					"DEBUG=1",
					"$(inherited)",
				);
				GCC_WARN_64_TO_32_BIT_CONVERSION = YES;
				GCC_WARN_ABOUT_RETURN_TYPE = YES_ERROR;
				GCC_WARN_UNDECLARED_SELECTOR = YES;
				GCC_WARN_UNINITIALIZED_AUTOS = YES_AGGRESSIVE;
				GCC_WARN_UNUSED_FUNCTION = YES;
				GCC_WARN_UNUSED_VARIABLE = YES;
				IPHONEOS_DEPLOYMENT_TARGET = 14.3;
				MTL_ENABLE_DEBUG_INFO = INCLUDE_SOURCE;
				MTL_FAST_MATH = YES;
				ONLY_ACTIVE_ARCH = YES;
				SDKROOT = iphoneos;
				SWIFT_ACTIVE_COMPILATION_CONDITIONS = DEBUG;
				SWIFT_OPTIMIZATION_LEVEL = "-Onone";
			};
			name = Debug;
		};
		A7F63C63272ABB20007A4B03 /* Release */ = {
			isa = XCBuildConfiguration;
			buildSettings = {
				ALWAYS_SEARCH_USER_PATHS = NO;
				CLANG_ANALYZER_LOCALIZABILITY_NONLOCALIZED = YES;
				CLANG_ANALYZER_NONNULL = YES;
				CLANG_ANALYZER_NUMBER_OBJECT_CONVERSION = YES_AGGRESSIVE;
				CLANG_CXX_LANGUAGE_STANDARD = "gnu++14";
				CLANG_CXX_LIBRARY = "libc++";
				CLANG_ENABLE_MODULES = YES;
				CLANG_ENABLE_OBJC_ARC = YES;
				CLANG_ENABLE_OBJC_WEAK = YES;
				CLANG_WARN_BLOCK_CAPTURE_AUTORELEASING = YES;
				CLANG_WARN_BOOL_CONVERSION = YES;
				CLANG_WARN_COMMA = YES;
				CLANG_WARN_CONSTANT_CONVERSION = YES;
				CLANG_WARN_DEPRECATED_OBJC_IMPLEMENTATIONS = YES;
				CLANG_WARN_DIRECT_OBJC_ISA_USAGE = YES_ERROR;
				CLANG_WARN_DOCUMENTATION_COMMENTS = YES;
				CLANG_WARN_EMPTY_BODY = YES;
				CLANG_WARN_ENUM_CONVERSION = YES;
				CLANG_WARN_INFINITE_RECURSION = YES;
				CLANG_WARN_INT_CONVERSION = YES;
				CLANG_WARN_NON_LITERAL_NULL_CONVERSION = YES;
				CLANG_WARN_OBJC_IMPLICIT_RETAIN_SELF = YES;
				CLANG_WARN_OBJC_LITERAL_CONVERSION = YES;
				CLANG_WARN_OBJC_ROOT_CLASS = YES_ERROR;
				CLANG_WARN_QUOTED_INCLUDE_IN_FRAMEWORK_HEADER = YES;
				CLANG_WARN_RANGE_LOOP_ANALYSIS = YES;
				CLANG_WARN_STRICT_PROTOTYPES = YES;
				CLANG_WARN_SUSPICIOUS_MOVE = YES;
				CLANG_WARN_UNGUARDED_AVAILABILITY = YES_AGGRESSIVE;
				CLANG_WARN_UNREACHABLE_CODE = YES;
				CLANG_WARN__DUPLICATE_METHOD_MATCH = YES;
				COPY_PHASE_STRIP = NO;
				DEBUG_INFORMATION_FORMAT = "dwarf-with-dsym";
				ENABLE_NS_ASSERTIONS = NO;
				ENABLE_STRICT_OBJC_MSGSEND = YES;
				GCC_C_LANGUAGE_STANDARD = gnu11;
				GCC_NO_COMMON_BLOCKS = YES;
				GCC_WARN_64_TO_32_BIT_CONVERSION = YES;
				GCC_WARN_ABOUT_RETURN_TYPE = YES_ERROR;
				GCC_WARN_UNDECLARED_SELECTOR = YES;
				GCC_WARN_UNINITIALIZED_AUTOS = YES_AGGRESSIVE;
				GCC_WARN_UNUSED_FUNCTION = YES;
				GCC_WARN_UNUSED_VARIABLE = YES;
				IPHONEOS_DEPLOYMENT_TARGET = 14.3;
				MTL_ENABLE_DEBUG_INFO = NO;
				MTL_FAST_MATH = YES;
				SDKROOT = iphoneos;
				SWIFT_COMPILATION_MODE = wholemodule;
				SWIFT_OPTIMIZATION_LEVEL = "-O";
				VALIDATE_PRODUCT = YES;
			};
			name = Release;
		};
		A7F63C65272ABB20007A4B03 /* Debug */ = {
			isa = XCBuildConfiguration;
			baseConfigurationReference = FD8C319310DF6D678B7C863D /* Pods-Marvel Hub.debug.xcconfig */;
			buildSettings = {
				ASSETCATALOG_COMPILER_APPICON_NAME = AppIcon;
				ASSETCATALOG_COMPILER_GLOBAL_ACCENT_COLOR_NAME = AccentColor;
				CODE_SIGN_STYLE = Automatic;
				DEVELOPMENT_TEAM = PPZYBRX5D4;
				INFOPLIST_FILE = "Marvel Hub/Info.plist";
				LD_RUNPATH_SEARCH_PATHS = (
					"$(inherited)",
					"@executable_path/Frameworks",
				);
				PRODUCT_BUNDLE_IDENTIFIER = "com.DanielAWahby.Marvel-Hub";
				PRODUCT_NAME = "$(TARGET_NAME)";
				SWIFT_VERSION = 5.0;
				TARGETED_DEVICE_FAMILY = "1,2";
			};
			name = Debug;
		};
		A7F63C66272ABB20007A4B03 /* Release */ = {
			isa = XCBuildConfiguration;
			baseConfigurationReference = D895C195D7337A6BFF13C9F3 /* Pods-Marvel Hub.release.xcconfig */;
			buildSettings = {
				ASSETCATALOG_COMPILER_APPICON_NAME = AppIcon;
				ASSETCATALOG_COMPILER_GLOBAL_ACCENT_COLOR_NAME = AccentColor;
				CODE_SIGN_STYLE = Automatic;
				DEVELOPMENT_TEAM = PPZYBRX5D4;
				INFOPLIST_FILE = "Marvel Hub/Info.plist";
				LD_RUNPATH_SEARCH_PATHS = (
					"$(inherited)",
					"@executable_path/Frameworks",
				);
				PRODUCT_BUNDLE_IDENTIFIER = "com.DanielAWahby.Marvel-Hub";
				PRODUCT_NAME = "$(TARGET_NAME)";
				SWIFT_VERSION = 5.0;
				TARGETED_DEVICE_FAMILY = "1,2";
			};
			name = Release;
		};
/* End XCBuildConfiguration section */

/* Begin XCConfigurationList section */
		A7F63C4B272ABB18007A4B03 /* Build configuration list for PBXProject "Marvel Hub" */ = {
			isa = XCConfigurationList;
			buildConfigurations = (
				A7F63C62272ABB20007A4B03 /* Debug */,
				A7F63C63272ABB20007A4B03 /* Release */,
			);
			defaultConfigurationIsVisible = 0;
			defaultConfigurationName = Release;
		};
		A7F63C64272ABB20007A4B03 /* Build configuration list for PBXNativeTarget "Marvel Hub" */ = {
			isa = XCConfigurationList;
			buildConfigurations = (
				A7F63C65272ABB20007A4B03 /* Debug */,
				A7F63C66272ABB20007A4B03 /* Release */,
			);
			defaultConfigurationIsVisible = 0;
			defaultConfigurationName = Release;
		};
/* End XCConfigurationList section */
	};
	rootObject = A7F63C48272ABB18007A4B03 /* Project object */;
}
